
Microsoft Visual Studio Solution File, Format Version 12.00
# Visual Studio Version 16
VisualStudioVersion = 16.0.30114.105
MinimumVisualStudioVersion = 10.0.40219.1
Project("{FAE04EC0-301F-11D3-BF4B-00C04F79EFBC}") = "ProjetoMVC3D240", "ProjetoMVC3D240\ProjetoMVC3D240.csproj", "{23E96E58-A207-418D-8921-F85B2412D08A}"
EndProject
Global
	GlobalSection(SolutionConfigurationPlatforms) = preSolution
		Debug|Any CPU = Debug|Any CPU
		Release|Any CPU = Release|Any CPU
	EndGlobalSection
	GlobalSection(ProjectConfigurationPlatforms) = postSolution
		{23E96E58-A207-418D-8921-F85B2412D08A}.Debug|Any CPU.ActiveCfg = Debug|Any CPU
		{23E96E58-A207-418D-8921-F85B2412D08A}.Debug|Any CPU.Build.0 = Debug|Any CPU
		{23E96E58-A207-418D-8921-F85B2412D08A}.Release|Any CPU.ActiveCfg = Release|Any CPU
		{23E96E58-A207-418D-8921-F85B2412D08A}.Release|Any CPU.Build.0 = Release|Any CPU
	EndGlobalSection
	GlobalSection(SolutionProperties) = preSolution
		HideSolutionNode = FALSE
	EndGlobalSection
	GlobalSection(ExtensibilityGlobals) = postSolution
		SolutionGuid = {9CB551D5-69CB-495B-8298-844534876FAF}
	EndGlobalSection
EndGlobal
